
Microsoft Visual Studio Solution File, Format Version 12.00
# Visual Studio 15
VisualStudioVersion = 15.0.26403.7
MinimumVisualStudioVersion = 10.0.40219.1
Project("{FAE04EC0-301F-11D3-BF4B-00C04F79EFBC}") = "ShopShop", "ShopShop\ShopShop.csproj", "{4DABB4BA-C86C-4E9F-9108-A52CA4F1FCC2}"
EndProject
Project("{2150E333-8FDC-42A3-9474-1A3956D46DE8}") = "Solution Items", "Solution Items", "{11D09406-0C58-46D3-99C4-4458BEBCDEAA}"
EndProject
Global
	GlobalSection(SolutionConfigurationPlatforms) = preSolution
		Debug|Any CPU = Debug|Any CPU
		Release|Any CPU = Release|Any CPU
	EndGlobalSection
	GlobalSection(ProjectConfigurationPlatforms) = postSolution
		{4DABB4BA-C86C-4E9F-9108-A52CA4F1FCC2}.Debug|Any CPU.ActiveCfg = Debug|Any CPU
		{4DABB4BA-C86C-4E9F-9108-A52CA4F1FCC2}.Debug|Any CPU.Build.0 = Debug|Any CPU
		{4DABB4BA-C86C-4E9F-9108-A52CA4F1FCC2}.Release|Any CPU.ActiveCfg = Release|Any CPU
		{4DABB4BA-C86C-4E9F-9108-A52CA4F1FCC2}.Release|Any CPU.Build.0 = Release|Any CPU
	EndGlobalSection
	GlobalSection(SolutionProperties) = preSolution
		HideSolutionNode = FALSE
	EndGlobalSection
	GlobalSection(ExtensibilityGlobals) = postSolution
		SolutionGuid = {774C185B-9E97-449D-B6B6-A38D97FE2B2B}
	EndGlobalSection
EndGlobal
